
Microsoft Visual Studio Solution File, Format Version 12.00
# Visual Studio Version 17
VisualStudioVersion = 17.5.33414.496
MinimumVisualStudioVersion = 10.0.40219.1
Project("{FAE04EC0-301F-11D3-BF4B-00C04F79EFBC}") = "WebApplication1", "WebApplication1\WebApplication1.csproj", "{A1AB60EB-0019-4C9D-8C19-2D3972A33EAA}"
EndProject
Project("{FAE04EC0-301F-11D3-BF4B-00C04F79EFBC}") = "WebApplication2", "WebApplication2\WebApplication2.csproj", "{C52A786C-CA6B-4BFC-AF3E-2E6F2DD1BCF0}"
EndProject
Global
	GlobalSection(SolutionConfigurationPlatforms) = preSolution
		Debug|Any CPU = Debug|Any CPU
		Release|Any CPU = Release|Any CPU
	EndGlobalSection
	GlobalSection(ProjectConfigurationPlatforms) = postSolution
		{A1AB60EB-0019-4C9D-8C19-2D3972A33EAA}.Debug|Any CPU.ActiveCfg = Debug|Any CPU
		{A1AB60EB-0019-4C9D-8C19-2D3972A33EAA}.Debug|Any CPU.Build.0 = Debug|Any CPU
		{A1AB60EB-0019-4C9D-8C19-2D3972A33EAA}.Release|Any CPU.ActiveCfg = Release|Any CPU
		{A1AB60EB-0019-4C9D-8C19-2D3972A33EAA}.Release|Any CPU.Build.0 = Release|Any CPU
		{C52A786C-CA6B-4BFC-AF3E-2E6F2DD1BCF0}.Debug|Any CPU.ActiveCfg = Debug|Any CPU
		{C52A786C-CA6B-4BFC-AF3E-2E6F2DD1BCF0}.Debug|Any CPU.Build.0 = Debug|Any CPU
		{C52A786C-CA6B-4BFC-AF3E-2E6F2DD1BCF0}.Release|Any CPU.ActiveCfg = Release|Any CPU
		{C52A786C-CA6B-4BFC-AF3E-2E6F2DD1BCF0}.Release|Any CPU.Build.0 = Release|Any CPU
	EndGlobalSection
	GlobalSection(SolutionProperties) = preSolution
		HideSolutionNode = FALSE
	EndGlobalSection
	GlobalSection(ExtensibilityGlobals) = postSolution
		SolutionGuid = {A4422B4C-99E2-41E0-9493-04B943544F7F}
	EndGlobalSection
EndGlobal
